
Microsoft Visual Studio Solution File, Format Version 12.00
# Visual Studio Version 17
VisualStudioVersion = 17.9.34728.123
MinimumVisualStudioVersion = 10.0.40219.1
Project("{FAE04EC0-301F-11D3-BF4B-00C04F79EFBC}") = "FirstWebApi", "FirstWebApi\FirstWebApi.csproj", "{6C014528-0CAC-45D8-BAAB-0B13A034B787}"
EndProject
Global
	GlobalSection(SolutionConfigurationPlatforms) = preSolution
		Debug|Any CPU = Debug|Any CPU
		Release|Any CPU = Release|Any CPU
	EndGlobalSection
	GlobalSection(ProjectConfigurationPlatforms) = postSolution
		{6C014528-0CAC-45D8-BAAB-0B13A034B787}.Debug|Any CPU.ActiveCfg = Debug|Any CPU
		{6C014528-0CAC-45D8-BAAB-0B13A034B787}.Debug|Any CPU.Build.0 = Debug|Any CPU
		{6C014528-0CAC-45D8-BAAB-0B13A034B787}.Release|Any CPU.ActiveCfg = Release|Any CPU
		{6C014528-0CAC-45D8-BAAB-0B13A034B787}.Release|Any CPU.Build.0 = Release|Any CPU
	EndGlobalSection
	GlobalSection(SolutionProperties) = preSolution
		HideSolutionNode = FALSE
	EndGlobalSection
	GlobalSection(ExtensibilityGlobals) = postSolution
		SolutionGuid = {5DDE6B68-BFDA-47AB-B20D-551FAB1C4676}
	EndGlobalSection
EndGlobal
